
Microsoft Visual Studio Solution File, Format Version 12.00
# Visual Studio Version 17
VisualStudioVersion = 17.8.34309.116
MinimumVisualStudioVersion = 10.0.40219.1
Project("{9A19103F-16F7-4668-BE54-9A1E7A4F7556}") = "app.web", "app.web\app.web.csproj", "{B272053D-DE7F-4931-96F4-D4D5DBEFED31}"
EndProject
Global
	GlobalSection(SolutionConfigurationPlatforms) = preSolution
		Debug|Any CPU = Debug|Any CPU
		Release|Any CPU = Release|Any CPU
	EndGlobalSection
	GlobalSection(ProjectConfigurationPlatforms) = postSolution
		{B272053D-DE7F-4931-96F4-D4D5DBEFED31}.Debug|Any CPU.ActiveCfg = Debug|Any CPU
		{B272053D-DE7F-4931-96F4-D4D5DBEFED31}.Debug|Any CPU.Build.0 = Debug|Any CPU
		{B272053D-DE7F-4931-96F4-D4D5DBEFED31}.Release|Any CPU.ActiveCfg = Release|Any CPU
		{B272053D-DE7F-4931-96F4-D4D5DBEFED31}.Release|Any CPU.Build.0 = Release|Any CPU
	EndGlobalSection
	GlobalSection(SolutionProperties) = preSolution
		HideSolutionNode = FALSE
	EndGlobalSection
	GlobalSection(ExtensibilityGlobals) = postSolution
		SolutionGuid = {B62A12BF-EB5A-4B5A-9FAF-63B2E90B897C}
	EndGlobalSection
EndGlobal
